// !$*UTF8*$!
{
	archiveVersion = 1;
	classes = {
	};
	objectVersion = 56;
	objects = {

/* Begin PBXBuildFile section */
		71C6BDAF2C2076E40018258C /* Correction_Text_ExtendedApp.swift in Sources */ = {isa = PBXBuildFile; fileRef = 71C6BDAE2C2076E40018258C /* Correction_Text_ExtendedApp.swift */; };
		71C6BDB12C2076E40018258C /* ContentView.swift in Sources */ = {isa = PBXBuildFile; fileRef = 71C6BDB02C2076E40018258C /* ContentView.swift */; };
		71C6BDB32C2076E60018258C /* Assets.xcassets in Resources */ = {isa = PBXBuildFile; fileRef = 71C6BDB22C2076E60018258C /* Assets.xcassets */; };
		71C6BDB62C2076E60018258C /* Preview Assets.xcassets in Resources */ = {isa = PBXBuildFile; fileRef = 71C6BDB52C2076E60018258C /* Preview Assets.xcassets */; };
		71C6BDBD2C2077840018258C /* DashBoardView.swift in Sources */ = {isa = PBXBuildFile; fileRef = 71C6BDBC2C2077840018258C /* DashBoardView.swift */; };
		71C6BDC02C207B5D0018258C /* Models.swift in Sources */ = {isa = PBXBuildFile; fileRef = 71C6BDBF2C207B5D0018258C /* Models.swift */; };
		71C6BDC22C207CFF0018258C /* Database.swift in Sources */ = {isa = PBXBuildFile; fileRef = 71C6BDC12C207CFF0018258C /* Database.swift */; };
		71C6BDC52C216B8D0018258C /* SkillView.swift in Sources */ = {isa = PBXBuildFile; fileRef = 71C6BDC42C216B8D0018258C /* SkillView.swift */; };
		71C6BDC72C2172240018258C /* SubSkillDetail.swift in Sources */ = {isa = PBXBuildFile; fileRef = 71C6BDC62C2172240018258C /* SubSkillDetail.swift */; };
		71C6BDC92C21773E0018258C /* ProfilView.swift in Sources */ = {isa = PBXBuildFile; fileRef = 71C6BDC82C21773E0018258C /* ProfilView.swift */; };
/* End PBXBuildFile section */

/* Begin PBXFileReference section */
		71C6BDAB2C2076E40018258C /* Correction Text Extended.app */ = {isa = PBXFileReference; explicitFileType = wrapper.application; includeInIndex = 0; path = "Correction Text Extended.app"; sourceTree = BUILT_PRODUCTS_DIR; };
		71C6BDAE2C2076E40018258C /* Correction_Text_ExtendedApp.swift */ = {isa = PBXFileReference; lastKnownFileType = sourcecode.swift; path = Correction_Text_ExtendedApp.swift; sourceTree = "<group>"; };
		71C6BDB02C2076E40018258C /* ContentView.swift */ = {isa = PBXFileReference; lastKnownFileType = sourcecode.swift; path = ContentView.swift; sourceTree = "<group>"; };
		71C6BDB22C2076E60018258C /* Assets.xcassets */ = {isa = PBXFileReference; lastKnownFileType = folder.assetcatalog; path = Assets.xcassets; sourceTree = "<group>"; };
		71C6BDB52C2076E60018258C /* Preview Assets.xcassets */ = {isa = PBXFileReference; lastKnownFileType = folder.assetcatalog; path = "Preview Assets.xcassets"; sourceTree = "<group>"; };
		71C6BDBC2C2077840018258C /* DashBoardView.swift */ = {isa = PBXFileReference; lastKnownFileType = sourcecode.swift; path = DashBoardView.swift; sourceTree = "<group>"; };
		71C6BDBF2C207B5D0018258C /* Models.swift */ = {isa = PBXFileReference; lastKnownFileType = sourcecode.swift; path = Models.swift; sourceTree = "<group>"; };
		71C6BDC12C207CFF0018258C /* Database.swift */ = {isa = PBXFileReference; lastKnownFileType = sourcecode.swift; path = Database.swift; sourceTree = "<group>"; };
		71C6BDC42C216B8D0018258C /* SkillView.swift */ = {isa = PBXFileReference; lastKnownFileType = sourcecode.swift; path = SkillView.swift; sourceTree = "<group>"; };
		71C6BDC62C2172240018258C /* SubSkillDetail.swift */ = {isa = PBXFileReference; lastKnownFileType = sourcecode.swift; path = SubSkillDetail.swift; sourceTree = "<group>"; };
		71C6BDC82C21773E0018258C /* ProfilView.swift */ = {isa = PBXFileReference; lastKnownFileType = sourcecode.swift; path = ProfilView.swift; sourceTree = "<group>"; };
/* End PBXFileReference section */

/* Begin PBXFrameworksBuildPhase section */
		71C6BDA82C2076E40018258C /* Frameworks */ = {
			isa = PBXFrameworksBuildPhase;
			buildActionMask = 2147483647;
			files = (
			);
			runOnlyForDeploymentPostprocessing = 0;
		};
/* End PBXFrameworksBuildPhase section */

/* Begin PBXGroup section */
		71C6BDA22C2076E40018258C = {
			isa = PBXGroup;
			children = (
				71C6BDAD2C2076E40018258C /* Correction Text Extended */,
				71C6BDAC2C2076E40018258C /* Products */,
			);
			sourceTree = "<group>";
		};
		71C6BDAC2C2076E40018258C /* Products */ = {
			isa = PBXGroup;
			children = (
				71C6BDAB2C2076E40018258C /* Correction Text Extended.app */,
			);
			name = Products;
			sourceTree = "<group>";
		};
		71C6BDAD2C2076E40018258C /* Correction Text Extended */ = {
			isa = PBXGroup;
			children = (
				71C6BDC32C216B6B0018258C /* Screen */,
				71C6BDBE2C207B4B0018258C /* Data */,
				71C6BDAE2C2076E40018258C /* Correction_Text_ExtendedApp.swift */,
				71C6BDB02C2076E40018258C /* ContentView.swift */,
				71C6BDB22C2076E60018258C /* Assets.xcassets */,
				71C6BDB42C2076E60018258C /* Preview Content */,
			);
			path = "Correction Text Extended";
			sourceTree = "<group>";
		};
		71C6BDB42C2076E60018258C /* Preview Content */ = {
			isa = PBXGroup;
			children = (
				71C6BDB52C2076E60018258C /* Preview Assets.xcassets */,
			);
			path = "Preview Content";
			sourceTree = "<group>";
		};
		71C6BDBE2C207B4B0018258C /* Data */ = {
			isa = PBXGroup;
			children = (
				71C6BDBF2C207B5D0018258C /* Models.swift */,
				71C6BDC12C207CFF0018258C /* Database.swift */,
			);
			path = Data;
			sourceTree = "<group>";
		};
		71C6BDC32C216B6B0018258C /* Screen */ = {
			isa = PBXGroup;
			children = (
				71C6BDBC2C2077840018258C /* DashBoardView.swift */,
				71C6BDC42C216B8D0018258C /* SkillView.swift */,
				71C6BDC62C2172240018258C /* SubSkillDetail.swift */,
				71C6BDC82C21773E0018258C /* ProfilView.swift */,
			);
			path = Screen;
			sourceTree = "<group>";
		};
/* End PBXGroup section */

/* Begin PBXNativeTarget section */
		71C6BDAA2C2076E40018258C /* Correction Text Extended */ = {
			isa = PBXNativeTarget;
			buildConfigurationList = 71C6BDB92C2076E60018258C /* Build configuration list for PBXNativeTarget "Correction Text Extended" */;
			buildPhases = (
				71C6BDA72C2076E40018258C /* Sources */,
				71C6BDA82C2076E40018258C /* Frameworks */,
				71C6BDA92C2076E40018258C /* Resources */,
			);
			buildRules = (
			);
			dependencies = (
			);
			name = "Correction Text Extended";
			productName = "Correction Text Extended";
			productReference = 71C6BDAB2C2076E40018258C /* Correction Text Extended.app */;
			productType = "com.apple.product-type.application";
		};
/* End PBXNativeTarget section */

/* Begin PBXProject section */
		71C6BDA32C2076E40018258C /* Project object */ = {
			isa = PBXProject;
			attributes = {
				BuildIndependentTargetsInParallel = 1;
				LastSwiftUpdateCheck = 1530;
				LastUpgradeCheck = 1530;
				TargetAttributes = {
					71C6BDAA2C2076E40018258C = {
						CreatedOnToolsVersion = 15.3;
					};
				};
			};
			buildConfigurationList = 71C6BDA62C2076E40018258C /* Build configuration list for PBXProject "Correction Text Extended" */;
			compatibilityVersion = "Xcode 14.0";
			developmentRegion = en;
			hasScannedForEncodings = 0;
			knownRegions = (
				en,
				Base,
			);
			mainGroup = 71C6BDA22C2076E40018258C;
			productRefGroup = 71C6BDAC2C2076E40018258C /* Products */;
			projectDirPath = "";
			projectRoot = "";
			targets = (
				71C6BDAA2C2076E40018258C /* Correction Text Extended */,
			);
		};
/* End PBXProject section */

/* Begin PBXResourcesBuildPhase section */
		71C6BDA92C2076E40018258C /* Resources */ = {
			isa = PBXResourcesBuildPhase;
			buildActionMask = 2147483647;
			files = (
				71C6BDB62C2076E60018258C /* Preview Assets.xcassets in Resources */,
				71C6BDB32C2076E60018258C /* Assets.xcassets in Resources */,
			);
			runOnlyForDeploymentPostprocessing = 0;
		};
/* End PBXResourcesBuildPhase section */

/* Begin PBXSourcesBuildPhase section */
		71C6BDA72C2076E40018258C /* Sources */ = {
			isa = PBXSourcesBuildPhase;
			buildActionMask = 2147483647;
			files = (
				71C6BDC52C216B8D0018258C /* SkillView.swift in Sources */,
				71C6BDBD2C2077840018258C /* DashBoardView.swift in Sources */,
				71C6BDC92C21773E0018258C /* ProfilView.swift in Sources */,
				71C6BDC72C2172240018258C /* SubSkillDetail.swift in Sources */,
				71C6BDB12C2076E40018258C /* ContentView.swift in Sources */,
				71C6BDAF2C2076E40018258C /* Correction_Text_ExtendedApp.swift in Sources */,
				71C6BDC22C207CFF0018258C /* Database.swift in Sources */,
				71C6BDC02C207B5D0018258C /* Models.swift in Sources */,
			);
			runOnlyForDeploymentPostprocessing = 0;
		};
/* End PBXSourcesBuildPhase section */

/* Begin XCBuildConfiguration section */
		71C6BDB72C2076E60018258C /* Debug */ = {
			isa = XCBuildConfiguration;
			buildSettings = {
				ALWAYS_SEARCH_USER_PATHS = NO;
				ASSETCATALOG_COMPILER_GENERATE_SWIFT_ASSET_SYMBOL_EXTENSIONS = YES;
				CLANG_ANALYZER_NONNULL = YES;
				CLANG_ANALYZER_NUMBER_OBJECT_CONVERSION = YES_AGGRESSIVE;
				CLANG_CXX_LANGUAGE_STANDARD = "gnu++20";
				CLANG_ENABLE_MODULES = YES;
				CLANG_ENABLE_OBJC_ARC = YES;
				CLANG_ENABLE_OBJC_WEAK = YES;
				CLANG_WARN_BLOCK_CAPTURE_AUTORELEASING = YES;
				CLANG_WARN_BOOL_CONVERSION = YES;
				CLANG_WARN_COMMA = YES;
				CLANG_WARN_CONSTANT_CONVERSION = YES;
				CLANG_WARN_DEPRECATED_OBJC_IMPLEMENTATIONS = YES;
				CLANG_WARN_DIRECT_OBJC_ISA_USAGE = YES_ERROR;
				CLANG_WARN_DOCUMENTATION_COMMENTS = YES;
				CLANG_WARN_EMPTY_BODY = YES;
				CLANG_WARN_ENUM_CONVERSION = YES;
				CLANG_WARN_INFINITE_RECURSION = YES;
				CLANG_WARN_INT_CONVERSION = YES;
				CLANG_WARN_NON_LITERAL_NULL_CONVERSION = YES;
				CLANG_WARN_OBJC_IMPLICIT_RETAIN_SELF = YES;
				CLANG_WARN_OBJC_LITERAL_CONVERSION = YES;
				CLANG_WARN_OBJC_ROOT_CLASS = YES_ERROR;
				CLANG_WARN_QUOTED_INCLUDE_IN_FRAMEWORK_HEADER = YES;
				CLANG_WARN_RANGE_LOOP_ANALYSIS = YES;
				CLANG_WARN_STRICT_PROTOTYPES = YES;
				CLANG_WARN_SUSPICIOUS_MOVE = YES;
				CLANG_WARN_UNGUARDED_AVAILABILITY = YES_AGGRESSIVE;
				CLANG_WARN_UNREACHABLE_CODE = YES;
				CLANG_WARN__DUPLICATE_METHOD_MATCH = YES;
				COPY_PHASE_STRIP = NO;
				DEBUG_INFORMATION_FORMAT = dwarf;
				ENABLE_STRICT_OBJC_MSGSEND = YES;
				ENABLE_TESTABILITY = YES;
				ENABLE_USER_SCRIPT_SANDBOXING = YES;
				GCC_C_LANGUAGE_STANDARD = gnu17;
				GCC_DYNAMIC_NO_PIC = NO;
				GCC_NO_COMMON_BLOCKS = YES;
				GCC_OPTIMIZATION_LEVEL = 0;
				GCC_PREPROCESSOR_DEFINITIONS = (
					"DEBUG=1",
					"$(inherited)",
				);
				GCC_WARN_64_TO_32_BIT_CONVERSION = YES;
				GCC_WARN_ABOUT_RETURN_TYPE = YES_ERROR;
				GCC_WARN_UNDECLARED_SELECTOR = YES;
				GCC_WARN_UNINITIALIZED_AUTOS = YES_AGGRESSIVE;
				GCC_WARN_UNUSED_FUNCTION = YES;
				GCC_WARN_UNUSED_VARIABLE = YES;
				IPHONEOS_DEPLOYMENT_TARGET = 17.4;
				LOCALIZATION_PREFERS_STRING_CATALOGS = YES;
				MTL_ENABLE_DEBUG_INFO = INCLUDE_SOURCE;
				MTL_FAST_MATH = YES;
				ONLY_ACTIVE_ARCH = YES;
				SDKROOT = iphoneos;
				SWIFT_ACTIVE_COMPILATION_CONDITIONS = "DEBUG $(inherited)";
				SWIFT_OPTIMIZATION_LEVEL = "-Onone";
			};
			name = Debug;
		};
		71C6BDB82C2076E60018258C /* Release */ = {
			isa = XCBuildConfiguration;
			buildSettings = {
				ALWAYS_SEARCH_USER_PATHS = NO;
				ASSETCATALOG_COMPILER_GENERATE_SWIFT_ASSET_SYMBOL_EXTENSIONS = YES;
				CLANG_ANALYZER_NONNULL = YES;
				CLANG_ANALYZER_NUMBER_OBJECT_CONVERSION = YES_AGGRESSIVE;
				CLANG_CXX_LANGUAGE_STANDARD = "gnu++20";
				CLANG_ENABLE_MODULES = YES;
				CLANG_ENABLE_OBJC_ARC = YES;
				CLANG_ENABLE_OBJC_WEAK = YES;
				CLANG_WARN_BLOCK_CAPTURE_AUTORELEASING = YES;
				CLANG_WARN_BOOL_CONVERSION = YES;
				CLANG_WARN_COMMA = YES;
				CLANG_WARN_CONSTANT_CONVERSION = YES;
				CLANG_WARN_DEPRECATED_OBJC_IMPLEMENTATIONS = YES;
				CLANG_WARN_DIRECT_OBJC_ISA_USAGE = YES_ERROR;
				CLANG_WARN_DOCUMENTATION_COMMENTS = YES;
				CLANG_WARN_EMPTY_BODY = YES;
				CLANG_WARN_ENUM_CONVERSION = YES;
				CLANG_WARN_INFINITE_RECURSION = YES;
				CLANG_WARN_INT_CONVERSION = YES;
				CLANG_WARN_NON_LITERAL_NULL_CONVERSION = YES;
				CLANG_WARN_OBJC_IMPLICIT_RETAIN_SELF = YES;
				CLANG_WARN_OBJC_LITERAL_CONVERSION = YES;
				CLANG_WARN_OBJC_ROOT_CLASS = YES_ERROR;
				CLANG_WARN_QUOTED_INCLUDE_IN_FRAMEWORK_HEADER = YES;
				CLANG_WARN_RANGE_LOOP_ANALYSIS = YES;
				CLANG_WARN_STRICT_PROTOTYPES = YES;
				CLANG_WARN_SUSPICIOUS_MOVE = YES;
				CLANG_WARN_UNGUARDED_AVAILABILITY = YES_AGGRESSIVE;
				CLANG_WARN_UNREACHABLE_CODE = YES;
				CLANG_WARN__DUPLICATE_METHOD_MATCH = YES;
				COPY_PHASE_STRIP = NO;
				DEBUG_INFORMATION_FORMAT = "dwarf-with-dsym";
				ENABLE_NS_ASSERTIONS = NO;
				ENABLE_STRICT_OBJC_MSGSEND = YES;
				ENABLE_USER_SCRIPT_SANDBOXING = YES;
				GCC_C_LANGUAGE_STANDARD = gnu17;
				GCC_NO_COMMON_BLOCKS = YES;
				GCC_WARN_64_TO_32_BIT_CONVERSION = YES;
				GCC_WARN_ABOUT_RETURN_TYPE = YES_ERROR;
				GCC_WARN_UNDECLARED_SELECTOR = YES;
				GCC_WARN_UNINITIALIZED_AUTOS = YES_AGGRESSIVE;
				GCC_WARN_UNUSED_FUNCTION = YES;
				GCC_WARN_UNUSED_VARIABLE = YES;
				IPHONEOS_DEPLOYMENT_TARGET = 17.4;
				LOCALIZATION_PREFERS_STRING_CATALOGS = YES;
				MTL_ENABLE_DEBUG_INFO = NO;
				MTL_FAST_MATH = YES;
				SDKROOT = iphoneos;
				SWIFT_COMPILATION_MODE = wholemodule;
				VALIDATE_PRODUCT = YES;
			};
			name = Release;
		};
		71C6BDBA2C2076E60018258C /* Debug */ = {
			isa = XCBuildConfiguration;
			buildSettings = {
				ASSETCATALOG_COMPILER_APPICON_NAME = AppIcon;
				ASSETCATALOG_COMPILER_GLOBAL_ACCENT_COLOR_NAME = AccentColor;
				CODE_SIGN_STYLE = Automatic;
				CURRENT_PROJECT_VERSION = 1;
				DEVELOPMENT_ASSET_PATHS = "\"Correction Text Extended/Preview Content\"";
				DEVELOPMENT_TEAM = FG4A6CN83J;
				ENABLE_PREVIEWS = YES;
				GENERATE_INFOPLIST_FILE = YES;
				INFOPLIST_KEY_UIApplicationSceneManifest_Generation = YES;
				INFOPLIST_KEY_UIApplicationSupportsIndirectInputEvents = YES;
				INFOPLIST_KEY_UILaunchScreen_Generation = YES;
				INFOPLIST_KEY_UISupportedInterfaceOrientations_iPad = "UIInterfaceOrientationPortrait UIInterfaceOrientationPortraitUpsideDown UIInterfaceOrientationLandscapeLeft UIInterfaceOrientationLandscapeRight";
				INFOPLIST_KEY_UISupportedInterfaceOrientations_iPhone = "UIInterfaceOrientationPortrait UIInterfaceOrientationLandscapeLeft UIInterfaceOrientationLandscapeRight";
				LD_RUNPATH_SEARCH_PATHS = (
					"$(inherited)",
					"@executable_path/Frameworks",
				);
				MARKETING_VERSION = 1.0;
				PRODUCT_BUNDLE_IDENTIFIER = "com.botAFP.Correction-Text-Extended";
				PRODUCT_NAME = "$(TARGET_NAME)";
				SWIFT_EMIT_LOC_STRINGS = YES;
				SWIFT_VERSION = 5.0;
				TARGETED_DEVICE_FAMILY = "1,2";
			};
			name = Debug;
		};
		71C6BDBB2C2076E60018258C /* Release */ = {
			isa = XCBuildConfiguration;
			buildSettings = {
				ASSETCATALOG_COMPILER_APPICON_NAME = AppIcon;
				ASSETCATALOG_COMPILER_GLOBAL_ACCENT_COLOR_NAME = AccentColor;
				CODE_SIGN_STYLE = Automatic;
				CURRENT_PROJECT_VERSION = 1;
				DEVELOPMENT_ASSET_PATHS = "\"Correction Text Extended/Preview Content\"";
				DEVELOPMENT_TEAM = FG4A6CN83J;
				ENABLE_PREVIEWS = YES;
				GENERATE_INFOPLIST_FILE = YES;
				INFOPLIST_KEY_UIApplicationSceneManifest_Generation = YES;
				INFOPLIST_KEY_UIApplicationSupportsIndirectInputEvents = YES;
				INFOPLIST_KEY_UILaunchScreen_Generation = YES;
				INFOPLIST_KEY_UISupportedInterfaceOrientations_iPad = "UIInterfaceOrientationPortrait UIInterfaceOrientationPortraitUpsideDown UIInterfaceOrientationLandscapeLeft UIInterfaceOrientationLandscapeRight";
				INFOPLIST_KEY_UISupportedInterfaceOrientations_iPhone = "UIInterfaceOrientationPortrait UIInterfaceOrientationLandscapeLeft UIInterfaceOrientationLandscapeRight";
				LD_RUNPATH_SEARCH_PATHS = (
					"$(inherited)",
					"@executable_path/Frameworks",
				);
				MARKETING_VERSION = 1.0;
				PRODUCT_BUNDLE_IDENTIFIER = "com.botAFP.Correction-Text-Extended";
				PRODUCT_NAME = "$(TARGET_NAME)";
				SWIFT_EMIT_LOC_STRINGS = YES;
				SWIFT_VERSION = 5.0;
				TARGETED_DEVICE_FAMILY = "1,2";
			};
			name = Release;
		};
/* End XCBuildConfiguration section */

/* Begin XCConfigurationList section */
		71C6BDA62C2076E40018258C /* Build configuration list for PBXProject "Correction Text Extended" */ = {
			isa = XCConfigurationList;
			buildConfigurations = (
				71C6BDB72C2076E60018258C /* Debug */,
				71C6BDB82C2076E60018258C /* Release */,
			);
			defaultConfigurationIsVisible = 0;
			defaultConfigurationName = Release;
		};
		71C6BDB92C2076E60018258C /* Build configuration list for PBXNativeTarget "Correction Text Extended" */ = {
			isa = XCConfigurationList;
			buildConfigurations = (
				71C6BDBA2C2076E60018258C /* Debug */,
				71C6BDBB2C2076E60018258C /* Release */,
			);
			defaultConfigurationIsVisible = 0;
			defaultConfigurationName = Release;
		};
/* End XCConfigurationList section */
	};
	rootObject = 71C6BDA32C2076E40018258C /* Project object */;
}
